
Microsoft Visual Studio Solution File, Format Version 11.00
# Visual Studio 2010 Express for Windows Phone
Project("{FAE04EC0-301F-11D3-BF4B-00C04F79EFBC}") = "Rock-paper-scissors", "Rock-paper-scissors\Rock-paper-scissors\Rock-paper-scissors.csproj", "{CBEE6FED-523E-490C-AC67-9B77895DC9F6}"
EndProject
Project("{96E2B04D-8817-42C6-938A-82C39BA4D311}") = "Rock-paper-scissorsContent", "Rock-paper-scissors\Rock-paper-scissorsContent\Rock-paper-scissorsContent.contentproj", "{F7B89F98-3845-4A83-83AD-02FF53CA9820}"
EndProject
Global
	GlobalSection(SolutionConfigurationPlatforms) = preSolution
		Debug|Windows Phone = Debug|Windows Phone
		Release|Windows Phone = Release|Windows Phone
	EndGlobalSection
	GlobalSection(ProjectConfigurationPlatforms) = postSolution
		{CBEE6FED-523E-490C-AC67-9B77895DC9F6}.Debug|Windows Phone.ActiveCfg = Debug|Windows Phone
		{CBEE6FED-523E-490C-AC67-9B77895DC9F6}.Debug|Windows Phone.Build.0 = Debug|Windows Phone
		{CBEE6FED-523E-490C-AC67-9B77895DC9F6}.Debug|Windows Phone.Deploy.0 = Debug|Windows Phone
		{CBEE6FED-523E-490C-AC67-9B77895DC9F6}.Release|Windows Phone.ActiveCfg = Release|Windows Phone
		{CBEE6FED-523E-490C-AC67-9B77895DC9F6}.Release|Windows Phone.Build.0 = Release|Windows Phone
		{CBEE6FED-523E-490C-AC67-9B77895DC9F6}.Release|Windows Phone.Deploy.0 = Release|Windows Phone
		{F7B89F98-3845-4A83-83AD-02FF53CA9820}.Debug|Windows Phone.ActiveCfg = Debug|Windows Phone
		{F7B89F98-3845-4A83-83AD-02FF53CA9820}.Release|Windows Phone.ActiveCfg = Release|Windows Phone
	EndGlobalSection
	GlobalSection(SolutionProperties) = preSolution
		HideSolutionNode = FALSE
	EndGlobalSection
EndGlobal
